
Microsoft Visual Studio Solution File, Format Version 12.00
# Visual Studio 15
VisualStudioVersion = 15.0.27703.2000
MinimumVisualStudioVersion = 10.0.40219.1
Project("{2150E333-8FDC-42A3-9474-1A3956D46DE8}") = "1. Comandos de IO", "1. Comandos de IO", "{B920D28A-97B2-4674-9EE0-9F026EC50CE2}"
EndProject
Project("{2150E333-8FDC-42A3-9474-1A3956D46DE8}") = "2. Comandos de Seleção", "2. Comandos de Seleção", "{2FC84751-AD8A-48F9-AAAE-D21F320E7F3A}"
EndProject
Project("{9A19103F-16F7-4668-BE54-9A1E7A4F7556}") = "Algoritmo.IO.Exercicio01", "01. Comandos IO\Algoritmo.IO.Exercicio01\Algoritmo.IO.Exercicio01.csproj", "{1B3A5868-C66D-4B43-8E14-3B25812CC8A2}"
EndProject
Project("{9A19103F-16F7-4668-BE54-9A1E7A4F7556}") = "Algoritmo.IO.Exercicio02", "01. Comandos IO\Algoritmo.IO.Exercicio02\Algoritmo.IO.Exercicio02.csproj", "{B8B1E564-F9FF-4A73-9E8E-CD2EB6ECD6CE}"
EndProject
Project("{9A19103F-16F7-4668-BE54-9A1E7A4F7556}") = "Algoritmo.IO.Exercicio03", "01. Comandos IO\Algoritmo.IO.Exercicio03\Algoritmo.IO.Exercicio03.csproj", "{F96E9CA9-76A1-409D-9144-C04F53217228}"
EndProject
Project("{9A19103F-16F7-4668-BE54-9A1E7A4F7556}") = "Algoritmo.IO.Exercicio04", "01. Comandos IO\Algoritmo.IO.Exercicio04\Algoritmo.IO.Exercicio04.csproj", "{A574C89A-80D8-4C8B-A322-52A0260A5236}"
EndProject
Project("{9A19103F-16F7-4668-BE54-9A1E7A4F7556}") = "Algoritmo.IO.Exercicio05", "01. Comandos IO\Algoritmo.IO.Exercicio05\Algoritmo.IO.Exercicio05.csproj", "{D0A5C59F-99B3-4EBA-8BC7-AB6BA62A513F}"
EndProject
Project("{9A19103F-16F7-4668-BE54-9A1E7A4F7556}") = "Algoritmo.IO.Exercicio06", "01. Comandos IO\Algoritmo.IO.Exercicio06\Algoritmo.IO.Exercicio06.csproj", "{7CE48DF2-9376-49B3-907D-D06295A34700}"
EndProject
Project("{9A19103F-16F7-4668-BE54-9A1E7A4F7556}") = "Algoritmo.IO.Exercicio07", "01. Comandos IO\Algoritmo.IO.Exercicio07\Algoritmo.IO.Exercicio07.csproj", "{54207EDF-4B9E-474F-AC56-2BEAACD7251F}"
EndProject
Project("{9A19103F-16F7-4668-BE54-9A1E7A4F7556}") = "Algoritmo.IO.Exercicio08", "01. Comandos IO\Algoritmo.IO.Exercicio08\Algoritmo.IO.Exercicio08.csproj", "{CEF0C9BC-C97D-47D1-9E83-CFA271FB8AD6}"
EndProject
Project("{9A19103F-16F7-4668-BE54-9A1E7A4F7556}") = "Algoritmo.IO.Exercicio09", "01. Comandos IO\Algoritmo.IO.Exercicio09\Algoritmo.IO.Exercicio09.csproj", "{C0DC05BC-B2FC-45F6-98AA-A6A3B3BAF5E8}"
EndProject
Project("{9A19103F-16F7-4668-BE54-9A1E7A4F7556}") = "Algoritmo.IO.Exercicio10", "01. Comandos IO\Algoritmo.IO.Exercicio10\Algoritmo.IO.Exercicio10.csproj", "{97351444-8DA5-46A7-91F5-1AB17460E53C}"
EndProject
Project("{2150E333-8FDC-42A3-9474-1A3956D46DE8}") = "2.1. Comandos IF", "2.1. Comandos IF", "{0660ED1F-2CE8-4CD5-A7FB-370FCF050A14}"
EndProject
Project("{2150E333-8FDC-42A3-9474-1A3956D46DE8}") = "2.2. Comandos SWITCH CASE", "2.2. Comandos SWITCH CASE", "{FA3EDABC-9676-461B-833C-D831539C4A45}"
EndProject
Project("{9A19103F-16F7-4668-BE54-9A1E7A4F7556}") = "Algoritmo.Selecao.Exercicio01", "02. Comandos Seleção\Algoritmo.Selecao.Exercicio01\Algoritmo.Selecao.Exercicio01.csproj", "{DA711FBA-7623-455E-9E79-8A3D5EE69928}"
EndProject
Project("{9A19103F-16F7-4668-BE54-9A1E7A4F7556}") = "Algoritmo.Selecao.Exercicio02", "02. Comandos Seleção\Algoritmo.Selecao.Exercicio02\Algoritmo.Selecao.Exercicio02.csproj", "{10461B48-5ECE-4C28-AF3F-78AD20DA4327}"
EndProject
Project("{FAE04EC0-301F-11D3-BF4B-00C04F79EFBC}") = "Algoritmo.Selecao.Exercicio03", "02. Comandos Seleção\Algoritmo.Selecao.Exercicio03\Algoritmo.Selecao.Exercicio03.csproj", "{6F99AD37-A516-433D-A2D8-4FBE520D7892}"
EndProject
Project("{FAE04EC0-301F-11D3-BF4B-00C04F79EFBC}") = "Algoritmo.Selecao.Exercicio04", "02. Comandos Seleção\Algoritmo.Selecao.Exercicio04\Algoritmo.Selecao.Exercicio04.csproj", "{41AEE71C-6EE1-4032-BC9A-48CB28A715E0}"
EndProject
Project("{FAE04EC0-301F-11D3-BF4B-00C04F79EFBC}") = "Algoritmo.Selecao.Exercicio05", "02. Comandos Seleção\Algoritmo.Selecao.Exercicio05\Algoritmo.Selecao.Exercicio05.csproj", "{EFE6316F-7E04-4A02-89FF-FC076CDEFD49}"
EndProject
Global
	GlobalSection(SolutionConfigurationPlatforms) = preSolution
		Debug|Any CPU = Debug|Any CPU
		Release|Any CPU = Release|Any CPU
	EndGlobalSection
	GlobalSection(ProjectConfigurationPlatforms) = postSolution
		{1B3A5868-C66D-4B43-8E14-3B25812CC8A2}.Debug|Any CPU.ActiveCfg = Debug|Any CPU
		{1B3A5868-C66D-4B43-8E14-3B25812CC8A2}.Debug|Any CPU.Build.0 = Debug|Any CPU
		{1B3A5868-C66D-4B43-8E14-3B25812CC8A2}.Release|Any CPU.ActiveCfg = Release|Any CPU
		{1B3A5868-C66D-4B43-8E14-3B25812CC8A2}.Release|Any CPU.Build.0 = Release|Any CPU
		{B8B1E564-F9FF-4A73-9E8E-CD2EB6ECD6CE}.Debug|Any CPU.ActiveCfg = Debug|Any CPU
		{B8B1E564-F9FF-4A73-9E8E-CD2EB6ECD6CE}.Debug|Any CPU.Build.0 = Debug|Any CPU
		{B8B1E564-F9FF-4A73-9E8E-CD2EB6ECD6CE}.Release|Any CPU.ActiveCfg = Release|Any CPU
		{B8B1E564-F9FF-4A73-9E8E-CD2EB6ECD6CE}.Release|Any CPU.Build.0 = Release|Any CPU
		{F96E9CA9-76A1-409D-9144-C04F53217228}.Debug|Any CPU.ActiveCfg = Debug|Any CPU
		{F96E9CA9-76A1-409D-9144-C04F53217228}.Debug|Any CPU.Build.0 = Debug|Any CPU
		{F96E9CA9-76A1-409D-9144-C04F53217228}.Release|Any CPU.ActiveCfg = Release|Any CPU
		{F96E9CA9-76A1-409D-9144-C04F53217228}.Release|Any CPU.Build.0 = Release|Any CPU
		{A574C89A-80D8-4C8B-A322-52A0260A5236}.Debug|Any CPU.ActiveCfg = Debug|Any CPU
		{A574C89A-80D8-4C8B-A322-52A0260A5236}.Debug|Any CPU.Build.0 = Debug|Any CPU
		{A574C89A-80D8-4C8B-A322-52A0260A5236}.Release|Any CPU.ActiveCfg = Release|Any CPU
		{A574C89A-80D8-4C8B-A322-52A0260A5236}.Release|Any CPU.Build.0 = Release|Any CPU
		{D0A5C59F-99B3-4EBA-8BC7-AB6BA62A513F}.Debug|Any CPU.ActiveCfg = Debug|Any CPU
		{D0A5C59F-99B3-4EBA-8BC7-AB6BA62A513F}.Debug|Any CPU.Build.0 = Debug|Any CPU
		{D0A5C59F-99B3-4EBA-8BC7-AB6BA62A513F}.Release|Any CPU.ActiveCfg = Release|Any CPU
		{D0A5C59F-99B3-4EBA-8BC7-AB6BA62A513F}.Release|Any CPU.Build.0 = Release|Any CPU
		{7CE48DF2-9376-49B3-907D-D06295A34700}.Debug|Any CPU.ActiveCfg = Debug|Any CPU
		{7CE48DF2-9376-49B3-907D-D06295A34700}.Debug|Any CPU.Build.0 = Debug|Any CPU
		{7CE48DF2-9376-49B3-907D-D06295A34700}.Release|Any CPU.ActiveCfg = Release|Any CPU
		{7CE48DF2-9376-49B3-907D-D06295A34700}.Release|Any CPU.Build.0 = Release|Any CPU
		{54207EDF-4B9E-474F-AC56-2BEAACD7251F}.Debug|Any CPU.ActiveCfg = Debug|Any CPU
		{54207EDF-4B9E-474F-AC56-2BEAACD7251F}.Debug|Any CPU.Build.0 = Debug|Any CPU
		{54207EDF-4B9E-474F-AC56-2BEAACD7251F}.Release|Any CPU.ActiveCfg = Release|Any CPU
		{54207EDF-4B9E-474F-AC56-2BEAACD7251F}.Release|Any CPU.Build.0 = Release|Any CPU
		{CEF0C9BC-C97D-47D1-9E83-CFA271FB8AD6}.Debug|Any CPU.ActiveCfg = Debug|Any CPU
		{CEF0C9BC-C97D-47D1-9E83-CFA271FB8AD6}.Debug|Any CPU.Build.0 = Debug|Any CPU
		{CEF0C9BC-C97D-47D1-9E83-CFA271FB8AD6}.Release|Any CPU.ActiveCfg = Release|Any CPU
		{CEF0C9BC-C97D-47D1-9E83-CFA271FB8AD6}.Release|Any CPU.Build.0 = Release|Any CPU
		{C0DC05BC-B2FC-45F6-98AA-A6A3B3BAF5E8}.Debug|Any CPU.ActiveCfg = Debug|Any CPU
		{C0DC05BC-B2FC-45F6-98AA-A6A3B3BAF5E8}.Debug|Any CPU.Build.0 = Debug|Any CPU
		{C0DC05BC-B2FC-45F6-98AA-A6A3B3BAF5E8}.Release|Any CPU.ActiveCfg = Release|Any CPU
		{C0DC05BC-B2FC-45F6-98AA-A6A3B3BAF5E8}.Release|Any CPU.Build.0 = Release|Any CPU
		{97351444-8DA5-46A7-91F5-1AB17460E53C}.Debug|Any CPU.ActiveCfg = Debug|Any CPU
		{97351444-8DA5-46A7-91F5-1AB17460E53C}.Debug|Any CPU.Build.0 = Debug|Any CPU
		{97351444-8DA5-46A7-91F5-1AB17460E53C}.Release|Any CPU.ActiveCfg = Release|Any CPU
		{97351444-8DA5-46A7-91F5-1AB17460E53C}.Release|Any CPU.Build.0 = Release|Any CPU
		{DA711FBA-7623-455E-9E79-8A3D5EE69928}.Debug|Any CPU.ActiveCfg = Debug|Any CPU
		{DA711FBA-7623-455E-9E79-8A3D5EE69928}.Debug|Any CPU.Build.0 = Debug|Any CPU
		{DA711FBA-7623-455E-9E79-8A3D5EE69928}.Release|Any CPU.ActiveCfg = Release|Any CPU
		{DA711FBA-7623-455E-9E79-8A3D5EE69928}.Release|Any CPU.Build.0 = Release|Any CPU
		{10461B48-5ECE-4C28-AF3F-78AD20DA4327}.Debug|Any CPU.ActiveCfg = Debug|Any CPU
		{10461B48-5ECE-4C28-AF3F-78AD20DA4327}.Debug|Any CPU.Build.0 = Debug|Any CPU
		{10461B48-5ECE-4C28-AF3F-78AD20DA4327}.Release|Any CPU.ActiveCfg = Release|Any CPU
		{10461B48-5ECE-4C28-AF3F-78AD20DA4327}.Release|Any CPU.Build.0 = Release|Any CPU
		{6F99AD37-A516-433D-A2D8-4FBE520D7892}.Debug|Any CPU.ActiveCfg = Debug|Any CPU
		{6F99AD37-A516-433D-A2D8-4FBE520D7892}.Debug|Any CPU.Build.0 = Debug|Any CPU
		{6F99AD37-A516-433D-A2D8-4FBE520D7892}.Release|Any CPU.ActiveCfg = Release|Any CPU
		{6F99AD37-A516-433D-A2D8-4FBE520D7892}.Release|Any CPU.Build.0 = Release|Any CPU
		{41AEE71C-6EE1-4032-BC9A-48CB28A715E0}.Debug|Any CPU.ActiveCfg = Debug|Any CPU
		{41AEE71C-6EE1-4032-BC9A-48CB28A715E0}.Debug|Any CPU.Build.0 = Debug|Any CPU
		{41AEE71C-6EE1-4032-BC9A-48CB28A715E0}.Release|Any CPU.ActiveCfg = Release|Any CPU
		{41AEE71C-6EE1-4032-BC9A-48CB28A715E0}.Release|Any CPU.Build.0 = Release|Any CPU
		{EFE6316F-7E04-4A02-89FF-FC076CDEFD49}.Debug|Any CPU.ActiveCfg = Debug|Any CPU
		{EFE6316F-7E04-4A02-89FF-FC076CDEFD49}.Debug|Any CPU.Build.0 = Debug|Any CPU
		{EFE6316F-7E04-4A02-89FF-FC076CDEFD49}.Release|Any CPU.ActiveCfg = Release|Any CPU
		{EFE6316F-7E04-4A02-89FF-FC076CDEFD49}.Release|Any CPU.Build.0 = Release|Any CPU
	EndGlobalSection
	GlobalSection(SolutionProperties) = preSolution
		HideSolutionNode = FALSE
	EndGlobalSection
	GlobalSection(NestedProjects) = preSolution
		{1B3A5868-C66D-4B43-8E14-3B25812CC8A2} = {B920D28A-97B2-4674-9EE0-9F026EC50CE2}
		{B8B1E564-F9FF-4A73-9E8E-CD2EB6ECD6CE} = {B920D28A-97B2-4674-9EE0-9F026EC50CE2}
		{F96E9CA9-76A1-409D-9144-C04F53217228} = {B920D28A-97B2-4674-9EE0-9F026EC50CE2}
		{A574C89A-80D8-4C8B-A322-52A0260A5236} = {B920D28A-97B2-4674-9EE0-9F026EC50CE2}
		{D0A5C59F-99B3-4EBA-8BC7-AB6BA62A513F} = {B920D28A-97B2-4674-9EE0-9F026EC50CE2}
		{7CE48DF2-9376-49B3-907D-D06295A34700} = {B920D28A-97B2-4674-9EE0-9F026EC50CE2}
		{54207EDF-4B9E-474F-AC56-2BEAACD7251F} = {B920D28A-97B2-4674-9EE0-9F026EC50CE2}
		{CEF0C9BC-C97D-47D1-9E83-CFA271FB8AD6} = {B920D28A-97B2-4674-9EE0-9F026EC50CE2}
		{C0DC05BC-B2FC-45F6-98AA-A6A3B3BAF5E8} = {B920D28A-97B2-4674-9EE0-9F026EC50CE2}
		{97351444-8DA5-46A7-91F5-1AB17460E53C} = {B920D28A-97B2-4674-9EE0-9F026EC50CE2}
		{0660ED1F-2CE8-4CD5-A7FB-370FCF050A14} = {2FC84751-AD8A-48F9-AAAE-D21F320E7F3A}
		{FA3EDABC-9676-461B-833C-D831539C4A45} = {2FC84751-AD8A-48F9-AAAE-D21F320E7F3A}
		{DA711FBA-7623-455E-9E79-8A3D5EE69928} = {0660ED1F-2CE8-4CD5-A7FB-370FCF050A14}
		{10461B48-5ECE-4C28-AF3F-78AD20DA4327} = {0660ED1F-2CE8-4CD5-A7FB-370FCF050A14}
		{6F99AD37-A516-433D-A2D8-4FBE520D7892} = {0660ED1F-2CE8-4CD5-A7FB-370FCF050A14}
		{41AEE71C-6EE1-4032-BC9A-48CB28A715E0} = {0660ED1F-2CE8-4CD5-A7FB-370FCF050A14}
		{EFE6316F-7E04-4A02-89FF-FC076CDEFD49} = {0660ED1F-2CE8-4CD5-A7FB-370FCF050A14}
	EndGlobalSection
	GlobalSection(ExtensibilityGlobals) = postSolution
		SolutionGuid = {15563A0E-8CB7-40F6-82E0-2D92A22DC417}
	EndGlobalSection
EndGlobal
